
Microsoft Visual Studio Solution File, Format Version 12.00
# Visual Studio 15
VisualStudioVersion = 15.0.27130.2020
MinimumVisualStudioVersion = 10.0.40219.1
Project("{FAE04EC0-301F-11D3-BF4B-00C04F79EFBC}") = "Domain", "Domain\Domain.csproj", "{88B8B6E9-E1A0-49FF-9AD5-9B5A85280C6C}"
EndProject
Global
	GlobalSection(SolutionConfigurationPlatforms) = preSolution
		Debug|Any CPU = Debug|Any CPU
		Release|Any CPU = Release|Any CPU
	EndGlobalSection
	GlobalSection(ProjectConfigurationPlatforms) = postSolution
		{88B8B6E9-E1A0-49FF-9AD5-9B5A85280C6C}.Debug|Any CPU.ActiveCfg = Debug|Any CPU
		{88B8B6E9-E1A0-49FF-9AD5-9B5A85280C6C}.Debug|Any CPU.Build.0 = Debug|Any CPU
		{88B8B6E9-E1A0-49FF-9AD5-9B5A85280C6C}.Release|Any CPU.ActiveCfg = Release|Any CPU
		{88B8B6E9-E1A0-49FF-9AD5-9B5A85280C6C}.Release|Any CPU.Build.0 = Release|Any CPU
	EndGlobalSection
	GlobalSection(SolutionProperties) = preSolution
		HideSolutionNode = FALSE
	EndGlobalSection
	GlobalSection(ExtensibilityGlobals) = postSolution
		SolutionGuid = {33C4A8D1-29ED-40CD-968F-F9D1E3190678}
	EndGlobalSection
EndGlobal
